github.com/faldyantono/Gomodule v1.0.0 h1:+OF1xG03ILgbVlFj/mAODFSBjXa5nsnTTkAk4EEX4TA=
github.com/faldyantono/Gomodule v1.0.0/go.mod h1:qs5dAJGHLVh4TGPlbZHk4oRtWhtIRyINi0QM2ccQvts=
github.com/faldyantono/Gomodule v1.0.3/go.mod h1:qs5dAJGHLVh4TGPlbZHk4oRtWhtIRyINi0QM2ccQvts=
github.com/faldyantono/Gomodule v1.0.4 h1:f0cPebB06+08bgArVr/TrUElRM2C35UdY2y6chBTiS8=
github.com/faldyantono/Gomodule v1.0.4/go.mod h1:qs5dAJGHLVh4TGPlbZHk4oRtWhtIRyINi0QM2ccQvts=
